
Microsoft Visual Studio Solution File, Format Version 10.00
# Visual Studio 2008
Project("{8BC9CEB8-8B4A-11D0-8D11-00A0C91BC942}") = "PHY_IO__OES_VERITY", "PHY_IO__OES_VERITY\PHY_IO__OES_VERITY.vcproj", "{57CCFC20-72B3-42C3-B692-90F326DB411F}"
EndProject
Global
	GlobalSection(SolutionConfigurationPlatforms) = preSolution
		Debug|Win32 = Debug|Win32
		Release|Win32 = Release|Win32
	EndGlobalSection
	GlobalSection(ProjectConfigurationPlatforms) = postSolution
		{57CCFC20-72B3-42C3-B692-90F326DB411F}.Debug|Win32.ActiveCfg = Debug|Win32
		{57CCFC20-72B3-42C3-B692-90F326DB411F}.Debug|Win32.Build.0 = Debug|Win32
		{57CCFC20-72B3-42C3-B692-90F326DB411F}.Release|Win32.ActiveCfg = Release|Win32
		{57CCFC20-72B3-42C3-B692-90F326DB411F}.Release|Win32.Build.0 = Release|Win32
	EndGlobalSection
	GlobalSection(SolutionProperties) = preSolution
		HideSolutionNode = FALSE
	EndGlobalSection
EndGlobal
