
Microsoft Visual Studio Solution File, Format Version 10.00
# Visual Studio 2008
Project("{8BC9CEB8-8B4A-11D0-8D11-00A0C91BC942}") = "CTC__DB_OBJ", "CTC__DB_OBJ\CTC__DB_OBJ.vcproj", "{28B57B76-3BE6-4103-BE71-D9771336289A}"
EndProject
Global
	GlobalSection(SolutionConfigurationPlatforms) = preSolution
		Debug|Win32 = Debug|Win32
		Release|Win32 = Release|Win32
	EndGlobalSection
	GlobalSection(ProjectConfigurationPlatforms) = postSolution
		{28B57B76-3BE6-4103-BE71-D9771336289A}.Debug|Win32.ActiveCfg = Debug|Win32
		{28B57B76-3BE6-4103-BE71-D9771336289A}.Debug|Win32.Build.0 = Debug|Win32
		{28B57B76-3BE6-4103-BE71-D9771336289A}.Release|Win32.ActiveCfg = Release|Win32
		{28B57B76-3BE6-4103-BE71-D9771336289A}.Release|Win32.Build.0 = Release|Win32
	EndGlobalSection
	GlobalSection(SolutionProperties) = preSolution
		HideSolutionNode = FALSE
	EndGlobalSection
EndGlobal
