
Microsoft Visual Studio Solution File, Format Version 10.00
# Visual Studio 2008
Project("{8BC9CEB8-8B4A-11D0-8D11-00A0C91BC942}") = "Phy_IO__DNET_HILSCHER", "Phy_IO__DNET_HILSCHER\Phy_IO__DNET_HILSCHER.vcproj", "{E82CDC4D-2075-4E07-AC07-5B943C02800C}"
EndProject
Global
	GlobalSection(SolutionConfigurationPlatforms) = preSolution
		Debug|Win32 = Debug|Win32
		Release|Win32 = Release|Win32
	EndGlobalSection
	GlobalSection(ProjectConfigurationPlatforms) = postSolution
		{E82CDC4D-2075-4E07-AC07-5B943C02800C}.Debug|Win32.ActiveCfg = Debug|Win32
		{E82CDC4D-2075-4E07-AC07-5B943C02800C}.Debug|Win32.Build.0 = Debug|Win32
		{E82CDC4D-2075-4E07-AC07-5B943C02800C}.Release|Win32.ActiveCfg = Release|Win32
		{E82CDC4D-2075-4E07-AC07-5B943C02800C}.Release|Win32.Build.0 = Release|Win32
	EndGlobalSection
	GlobalSection(SolutionProperties) = preSolution
		HideSolutionNode = FALSE
	EndGlobalSection
EndGlobal
