
Microsoft Visual Studio Solution File, Format Version 10.00
# Visual Studio 2008
Project("{8BC9CEB8-8B4A-11D0-8D11-00A0C91BC942}") = "Phy_IO__PUMP", "Phy_IO__PUMP\Phy_IO__PUMP.vcproj", "{C5E399B2-8434-445A-A0E2-A082107EE6A9}"
EndProject
Global
	GlobalSection(SolutionConfigurationPlatforms) = preSolution
		Debug|Win32 = Debug|Win32
		Release|Win32 = Release|Win32
	EndGlobalSection
	GlobalSection(ProjectConfigurationPlatforms) = postSolution
		{C5E399B2-8434-445A-A0E2-A082107EE6A9}.Debug|Win32.ActiveCfg = Debug|Win32
		{C5E399B2-8434-445A-A0E2-A082107EE6A9}.Debug|Win32.Build.0 = Debug|Win32
		{C5E399B2-8434-445A-A0E2-A082107EE6A9}.Release|Win32.ActiveCfg = Release|Win32
		{C5E399B2-8434-445A-A0E2-A082107EE6A9}.Release|Win32.Build.0 = Release|Win32
	EndGlobalSection
	GlobalSection(SolutionProperties) = preSolution
		HideSolutionNode = FALSE
	EndGlobalSection
EndGlobal
