
Microsoft Visual Studio Solution File, Format Version 10.00
# Visual Studio 2008
Project("{8BC9CEB8-8B4A-11D0-8D11-00A0C91BC942}") = "FA_LINK__GEM", "FA_LINK__GEM\FA_LINK__GEM.vcproj", "{B3B7BC58-BB02-452E-99BD-0CC397B66184}"
EndProject
Global
	GlobalSection(SolutionConfigurationPlatforms) = preSolution
		Debug|Win32 = Debug|Win32
		Release|Win32 = Release|Win32
	EndGlobalSection
	GlobalSection(ProjectConfigurationPlatforms) = postSolution
		{B3B7BC58-BB02-452E-99BD-0CC397B66184}.Debug|Win32.ActiveCfg = Debug|Win32
		{B3B7BC58-BB02-452E-99BD-0CC397B66184}.Debug|Win32.Build.0 = Debug|Win32
		{B3B7BC58-BB02-452E-99BD-0CC397B66184}.Release|Win32.ActiveCfg = Release|Win32
		{B3B7BC58-BB02-452E-99BD-0CC397B66184}.Release|Win32.Build.0 = Release|Win32
	EndGlobalSection
	GlobalSection(SolutionProperties) = preSolution
		HideSolutionNode = FALSE
	EndGlobalSection
EndGlobal
