
Microsoft Visual Studio Solution File, Format Version 10.00
# Visual Studio 2008
Project("{8BC9CEB8-8B4A-11D0-8D11-00A0C91BC942}") = "TMC__Fnc_VLV", "TMC__Fnc_VLV\TMC__Fnc_VLV.vcproj", "{758A1BE2-84EA-47F1-A48B-20975E8C605F}"
EndProject
Global
	GlobalSection(SolutionConfigurationPlatforms) = preSolution
		Debug|Win32 = Debug|Win32
		Release|Win32 = Release|Win32
	EndGlobalSection
	GlobalSection(ProjectConfigurationPlatforms) = postSolution
		{758A1BE2-84EA-47F1-A48B-20975E8C605F}.Debug|Win32.ActiveCfg = Debug|Win32
		{758A1BE2-84EA-47F1-A48B-20975E8C605F}.Debug|Win32.Build.0 = Debug|Win32
		{758A1BE2-84EA-47F1-A48B-20975E8C605F}.Release|Win32.ActiveCfg = Release|Win32
		{758A1BE2-84EA-47F1-A48B-20975E8C605F}.Release|Win32.Build.0 = Release|Win32
	EndGlobalSection
	GlobalSection(SolutionProperties) = preSolution
		HideSolutionNode = FALSE
	EndGlobalSection
EndGlobal
