
Microsoft Visual Studio Solution File, Format Version 10.00
# Visual Studio 2008
Project("{8BC9CEB8-8B4A-11D0-8D11-00A0C91BC942}") = "PMC_DEBUG", "PMC_DEBUG\PMC_DEBUG.vcproj", "{88657F50-6C49-41DC-B637-7C57896F4C52}"
EndProject
Global
	GlobalSection(SolutionConfigurationPlatforms) = preSolution
		Debug|Win32 = Debug|Win32
		Release|Win32 = Release|Win32
	EndGlobalSection
	GlobalSection(ProjectConfigurationPlatforms) = postSolution
		{88657F50-6C49-41DC-B637-7C57896F4C52}.Debug|Win32.ActiveCfg = Debug|Win32
		{88657F50-6C49-41DC-B637-7C57896F4C52}.Debug|Win32.Build.0 = Debug|Win32
		{88657F50-6C49-41DC-B637-7C57896F4C52}.Release|Win32.ActiveCfg = Release|Win32
		{88657F50-6C49-41DC-B637-7C57896F4C52}.Release|Win32.Build.0 = Release|Win32
	EndGlobalSection
	GlobalSection(SolutionProperties) = preSolution
		HideSolutionNode = FALSE
	EndGlobalSection
EndGlobal
