
Microsoft Visual Studio Solution File, Format Version 10.00
# Visual Studio 2008
Project("{8BC9CEB8-8B4A-11D0-8D11-00A0C91BC942}") = "TMC__Fnc_CHM", "TMC__Fnc_CHM\TMC__Fnc_CHM.vcproj", "{EECA1D84-688A-4839-BD5F-149F6466D521}"
EndProject
Global
	GlobalSection(SolutionConfigurationPlatforms) = preSolution
		Debug|Win32 = Debug|Win32
		Release|Win32 = Release|Win32
	EndGlobalSection
	GlobalSection(ProjectConfigurationPlatforms) = postSolution
		{EECA1D84-688A-4839-BD5F-149F6466D521}.Debug|Win32.ActiveCfg = Debug|Win32
		{EECA1D84-688A-4839-BD5F-149F6466D521}.Debug|Win32.Build.0 = Debug|Win32
		{EECA1D84-688A-4839-BD5F-149F6466D521}.Release|Win32.ActiveCfg = Release|Win32
		{EECA1D84-688A-4839-BD5F-149F6466D521}.Release|Win32.Build.0 = Release|Win32
	EndGlobalSection
	GlobalSection(SolutionProperties) = preSolution
		HideSolutionNode = FALSE
	EndGlobalSection
EndGlobal
