
Microsoft Visual Studio Solution File, Format Version 10.00
# Visual Studio 2008
Project("{8BC9CEB8-8B4A-11D0-8D11-00A0C91BC942}") = "TMC__Phy_ROBOT", "TMC__Phy_ROBOT\TMC__Phy_ROBOT.vcproj", "{52C04842-41A9-455E-949E-2EC1DF2181F7}"
EndProject
Global
	GlobalSection(SolutionConfigurationPlatforms) = preSolution
		Debug|Win32 = Debug|Win32
		Release|Win32 = Release|Win32
	EndGlobalSection
	GlobalSection(ProjectConfigurationPlatforms) = postSolution
		{52C04842-41A9-455E-949E-2EC1DF2181F7}.Debug|Win32.ActiveCfg = Debug|Win32
		{52C04842-41A9-455E-949E-2EC1DF2181F7}.Debug|Win32.Build.0 = Debug|Win32
		{52C04842-41A9-455E-949E-2EC1DF2181F7}.Release|Win32.ActiveCfg = Release|Win32
		{52C04842-41A9-455E-949E-2EC1DF2181F7}.Release|Win32.Build.0 = Release|Win32
	EndGlobalSection
	GlobalSection(SolutionProperties) = preSolution
		HideSolutionNode = FALSE
	EndGlobalSection
EndGlobal
