
Microsoft Visual Studio Solution File, Format Version 10.00
# Visual Studio 2008
Project("{8BC9CEB8-8B4A-11D0-8D11-00A0C91BC942}") = "CTC__FA_RMM", "CTC__FA_RMM\CTC__FA_RMM.vcproj", "{01BD7D8C-149E-4392-8DEB-8A4BFC4EBAC7}"
EndProject
Global
	GlobalSection(SolutionConfigurationPlatforms) = preSolution
		Debug|Win32 = Debug|Win32
		Release|Win32 = Release|Win32
	EndGlobalSection
	GlobalSection(ProjectConfigurationPlatforms) = postSolution
		{01BD7D8C-149E-4392-8DEB-8A4BFC4EBAC7}.Debug|Win32.ActiveCfg = Debug|Win32
		{01BD7D8C-149E-4392-8DEB-8A4BFC4EBAC7}.Debug|Win32.Build.0 = Debug|Win32
		{01BD7D8C-149E-4392-8DEB-8A4BFC4EBAC7}.Release|Win32.ActiveCfg = Release|Win32
		{01BD7D8C-149E-4392-8DEB-8A4BFC4EBAC7}.Release|Win32.Build.0 = Release|Win32
	EndGlobalSection
	GlobalSection(SolutionProperties) = preSolution
		HideSolutionNode = FALSE
	EndGlobalSection
EndGlobal
