
Microsoft Visual Studio Solution File, Format Version 10.00
# Visual Studio 2008
Project("{8BC9CEB8-8B4A-11D0-8D11-00A0C91BC942}") = "PHY_IO__EDWARDS_TMP", "PHY_IO__EDWARDS_TMP\PHY_IO__EDWARDS_TMP.vcproj", "{6936FF2A-001B-4844-BB7A-1F70CB1D981F}"
EndProject
Global
	GlobalSection(SolutionConfigurationPlatforms) = preSolution
		Debug|Win32 = Debug|Win32
		Release|Win32 = Release|Win32
	EndGlobalSection
	GlobalSection(ProjectConfigurationPlatforms) = postSolution
		{6936FF2A-001B-4844-BB7A-1F70CB1D981F}.Debug|Win32.ActiveCfg = Debug|Win32
		{6936FF2A-001B-4844-BB7A-1F70CB1D981F}.Debug|Win32.Build.0 = Debug|Win32
		{6936FF2A-001B-4844-BB7A-1F70CB1D981F}.Release|Win32.ActiveCfg = Release|Win32
		{6936FF2A-001B-4844-BB7A-1F70CB1D981F}.Release|Win32.Build.0 = Release|Win32
	EndGlobalSection
	GlobalSection(SolutionProperties) = preSolution
		HideSolutionNode = FALSE
	EndGlobalSection
EndGlobal
