
Microsoft Visual Studio Solution File, Format Version 10.00
# Visual Studio 2008
Project("{8BC9CEB8-8B4A-11D0-8D11-00A0C91BC942}") = "CTC__MNG_PART", "CTC__MNG_PART\CTC__MNG_PART.vcproj", "{B86FFFCD-579C-4DF7-B9FB-631DC1140970}"
EndProject
Global
	GlobalSection(SolutionConfigurationPlatforms) = preSolution
		Debug|Win32 = Debug|Win32
		Release|Win32 = Release|Win32
	EndGlobalSection
	GlobalSection(ProjectConfigurationPlatforms) = postSolution
		{B86FFFCD-579C-4DF7-B9FB-631DC1140970}.Debug|Win32.ActiveCfg = Debug|Win32
		{B86FFFCD-579C-4DF7-B9FB-631DC1140970}.Debug|Win32.Build.0 = Debug|Win32
		{B86FFFCD-579C-4DF7-B9FB-631DC1140970}.Release|Win32.ActiveCfg = Release|Win32
		{B86FFFCD-579C-4DF7-B9FB-631DC1140970}.Release|Win32.Build.0 = Release|Win32
	EndGlobalSection
	GlobalSection(SolutionProperties) = preSolution
		HideSolutionNode = FALSE
	EndGlobalSection
EndGlobal
