
Microsoft Visual Studio Solution File, Format Version 10.00
# Visual Studio 2008
Project("{8BC9CEB8-8B4A-11D0-8D11-00A0C91BC942}") = "CTC__OPR_MODULE", "CTC__OPR_MODULE\CTC__OPR_MODULE.vcproj", "{912446EF-DA5D-4E86-B1A3-2716E3EB026F}"
EndProject
Global
	GlobalSection(SolutionConfigurationPlatforms) = preSolution
		Debug|Win32 = Debug|Win32
		Release|Win32 = Release|Win32
	EndGlobalSection
	GlobalSection(ProjectConfigurationPlatforms) = postSolution
		{912446EF-DA5D-4E86-B1A3-2716E3EB026F}.Debug|Win32.ActiveCfg = Debug|Win32
		{912446EF-DA5D-4E86-B1A3-2716E3EB026F}.Debug|Win32.Build.0 = Debug|Win32
		{912446EF-DA5D-4E86-B1A3-2716E3EB026F}.Release|Win32.ActiveCfg = Release|Win32
		{912446EF-DA5D-4E86-B1A3-2716E3EB026F}.Release|Win32.Build.0 = Release|Win32
	EndGlobalSection
	GlobalSection(SolutionProperties) = preSolution
		HideSolutionNode = FALSE
	EndGlobalSection
EndGlobal
