
Microsoft Visual Studio Solution File, Format Version 10.00
# Visual Studio 2008
Project("{8BC9CEB8-8B4A-11D0-8D11-00A0C91BC942}") = "FA_LINK__S7Fy", "FA_LINK__S7Fy\FA_LINK__S7Fy.vcproj", "{24CF733B-2ACD-4BBF-B5AE-BD0F8A613379}"
EndProject
Global
	GlobalSection(SolutionConfigurationPlatforms) = preSolution
		Debug|Win32 = Debug|Win32
		Release|Win32 = Release|Win32
	EndGlobalSection
	GlobalSection(ProjectConfigurationPlatforms) = postSolution
		{24CF733B-2ACD-4BBF-B5AE-BD0F8A613379}.Debug|Win32.ActiveCfg = Debug|Win32
		{24CF733B-2ACD-4BBF-B5AE-BD0F8A613379}.Debug|Win32.Build.0 = Debug|Win32
		{24CF733B-2ACD-4BBF-B5AE-BD0F8A613379}.Release|Win32.ActiveCfg = Release|Win32
		{24CF733B-2ACD-4BBF-B5AE-BD0F8A613379}.Release|Win32.Build.0 = Release|Win32
	EndGlobalSection
	GlobalSection(SolutionProperties) = preSolution
		HideSolutionNode = FALSE
	EndGlobalSection
EndGlobal
